{
  "name": "myapp",
  "version": "1.0.0",
  "lockfileVersion": 3,
  "requires": true,
  "packages": {
    "": {
      "name": "myapp",
      "version": "1.0.0",
      "license": "ISC",
      "dependencies": {
        "@wilfoz/fluentsql": "^1.0.0"
      }
    },
    "node_modules/@wilfoz/fluentsql": {
      "version": "1.0.1",
      "resolved": "https://registry.npmjs.org/@wilfoz/fluentsql/-/fluentsql-1.0.1.tgz",
      "integrity": "sha512-MAZoYHMPBz+LJiM7nyCNLIMMMyPq+raaFh0MPkpg7MkHT/pAURI0jBdvzfPx4ka+Dd+TlBepOCtCb50PSJMC1Q=="
    }
  }
}
