{
  "name": "myapp",
  "version": "1.0.0",
  "lockfileVersion": 3,
  "requires": true,
  "packages": {
    "": {
      "name": "myapp",
      "version": "1.0.0",
      "license": "ISC",
      "dependencies": {
        "@wilfoz/fluentsql": "^1.0.0"
      }
    },
    "node_modules/@wilfoz/fluentsql": {
      "version": "1.0.0",
      "resolved": "https://registry.npmjs.org/@wilfoz/fluentsql/-/fluentsql-1.0.0.tgz",
      "integrity": "sha512-yMznMM/7nvEcZTPsnHmKHPCl95SK5xV+HjrupEWKjHOhRdlrubbcSWj9tkwcwf3M9q4iAA2mXxSea/3XdMV7mw=="
    }
  }
}
