{
  "name": "app",
  "version": "1.0.0",
  "lockfileVersion": 3,
  "requires": true,
  "packages": {
    "": {
      "name": "app",
      "version": "1.0.0",
      "license": "ISC",
      "dependencies": {
        "@wilfoz/date-util": "^1.0.0"
      }
    },
    "node_modules/@wilfoz/date-util": {
      "version": "1.0.0",
      "resolved": "http://localhost:4873/@wilfoz/date-util/-/date-util-1.0.0.tgz",
      "integrity": "sha512-7DHpOaRUlH33uHyEubhI0P1+qji7WvwOa3VDLCtPiVJTkAU1E8fJkp2P0n+gFGuS5ZyTDzWoyU/95zMLZhc2Yw==",
      "dependencies": {
        "@wilfoz/string-util": "^1.0.0"
      }
    },
    "node_modules/@wilfoz/string-util": {
      "version": "1.0.0",
      "resolved": "http://localhost:4873/@wilfoz/string-util/-/string-util-1.0.0.tgz",
      "integrity": "sha512-qStYYG8JcJ1TEfzll1xGV4rIgd8oM+r/c7u16dlSPEdKEtC6xtMlwXNp328S8zwZgJ2zk/N+PJDXL36BunqCHQ=="
    }
  }
}
